
Microsoft Visual Studio Solution File, Format Version 12.00
# Visual Studio Version 16
VisualStudioVersion = 16.0.29424.173
MinimumVisualStudioVersion = 10.0.40219.1
Project("{8BC9CEB8-8B4A-11D0-8D11-00A0C91BC942}") = "1", "1\1.vcxproj", "{E126DCCC-52DD-499B-B368-B38C628DA360}"
EndProject
Project("{8BC9CEB8-8B4A-11D0-8D11-00A0C91BC942}") = "2", "2\2.vcxproj", "{43840779-D065-4D49-8C49-07A0B33ECE9D}"
EndProject
Project("{8BC9CEB8-8B4A-11D0-8D11-00A0C91BC942}") = "3", "3\3.vcxproj", "{45A5F602-8434-4F1F-B543-7B13D7E77454}"
EndProject
Project("{8BC9CEB8-8B4A-11D0-8D11-00A0C91BC942}") = "4", "4\4.vcxproj", "{DA6C8B1C-D169-4408-A5F2-E6EC88CAEACD}"
EndProject
Project("{8BC9CEB8-8B4A-11D0-8D11-00A0C91BC942}") = "5", "5\5.vcxproj", "{05AB86FD-7EE9-4B0B-AEAB-CC13AD5468A1}"
EndProject
Project("{8BC9CEB8-8B4A-11D0-8D11-00A0C91BC942}") = "6", "6\6.vcxproj", "{E8C6400C-346A-485F-B75E-4397CFFE9C33}"
EndProject
Project("{8BC9CEB8-8B4A-11D0-8D11-00A0C91BC942}") = "7", "7\7.vcxproj", "{19682F69-3427-4ED2-83E7-136EF51055EC}"
EndProject
Project("{8BC9CEB8-8B4A-11D0-8D11-00A0C91BC942}") = "8", "8\8.vcxproj", "{325C7970-948B-42A5-BCBB-62DB0C06DA19}"
EndProject
Project("{8BC9CEB8-8B4A-11D0-8D11-00A0C91BC942}") = "9", "9\9.vcxproj", "{0F9A7734-B1E6-4470-9F9E-45F734D12B80}"
EndProject
Global
	GlobalSection(SolutionConfigurationPlatforms) = preSolution
		Debug|x64 = Debug|x64
		Debug|x86 = Debug|x86
		Release|x64 = Release|x64
		Release|x86 = Release|x86
	EndGlobalSection
	GlobalSection(ProjectConfigurationPlatforms) = postSolution
		{E126DCCC-52DD-499B-B368-B38C628DA360}.Debug|x64.ActiveCfg = Debug|x64
		{E126DCCC-52DD-499B-B368-B38C628DA360}.Debug|x64.Build.0 = Debug|x64
		{E126DCCC-52DD-499B-B368-B38C628DA360}.Debug|x86.ActiveCfg = Debug|Win32
		{E126DCCC-52DD-499B-B368-B38C628DA360}.Debug|x86.Build.0 = Debug|Win32
		{E126DCCC-52DD-499B-B368-B38C628DA360}.Release|x64.ActiveCfg = Release|x64
		{E126DCCC-52DD-499B-B368-B38C628DA360}.Release|x64.Build.0 = Release|x64
		{E126DCCC-52DD-499B-B368-B38C628DA360}.Release|x86.ActiveCfg = Release|Win32
		{E126DCCC-52DD-499B-B368-B38C628DA360}.Release|x86.Build.0 = Release|Win32
		{43840779-D065-4D49-8C49-07A0B33ECE9D}.Debug|x64.ActiveCfg = Debug|x64
		{43840779-D065-4D49-8C49-07A0B33ECE9D}.Debug|x64.Build.0 = Debug|x64
		{43840779-D065-4D49-8C49-07A0B33ECE9D}.Debug|x86.ActiveCfg = Debug|Win32
		{43840779-D065-4D49-8C49-07A0B33ECE9D}.Debug|x86.Build.0 = Debug|Win32
		{43840779-D065-4D49-8C49-07A0B33ECE9D}.Release|x64.ActiveCfg = Release|x64
		{43840779-D065-4D49-8C49-07A0B33ECE9D}.Release|x64.Build.0 = Release|x64
		{43840779-D065-4D49-8C49-07A0B33ECE9D}.Release|x86.ActiveCfg = Release|Win32
		{43840779-D065-4D49-8C49-07A0B33ECE9D}.Release|x86.Build.0 = Release|Win32
		{45A5F602-8434-4F1F-B543-7B13D7E77454}.Debug|x64.ActiveCfg = Debug|x64
		{45A5F602-8434-4F1F-B543-7B13D7E77454}.Debug|x64.Build.0 = Debug|x64
		{45A5F602-8434-4F1F-B543-7B13D7E77454}.Debug|x86.ActiveCfg = Debug|Win32
		{45A5F602-8434-4F1F-B543-7B13D7E77454}.Debug|x86.Build.0 = Debug|Win32
		{45A5F602-8434-4F1F-B543-7B13D7E77454}.Release|x64.ActiveCfg = Release|x64
		{45A5F602-8434-4F1F-B543-7B13D7E77454}.Release|x64.Build.0 = Release|x64
		{45A5F602-8434-4F1F-B543-7B13D7E77454}.Release|x86.ActiveCfg = Release|Win32
		{45A5F602-8434-4F1F-B543-7B13D7E77454}.Release|x86.Build.0 = Release|Win32
		{DA6C8B1C-D169-4408-A5F2-E6EC88CAEACD}.Debug|x64.ActiveCfg = Debug|x64
		{DA6C8B1C-D169-4408-A5F2-E6EC88CAEACD}.Debug|x64.Build.0 = Debug|x64
		{DA6C8B1C-D169-4408-A5F2-E6EC88CAEACD}.Debug|x86.ActiveCfg = Debug|Win32
		{DA6C8B1C-D169-4408-A5F2-E6EC88CAEACD}.Debug|x86.Build.0 = Debug|Win32
		{DA6C8B1C-D169-4408-A5F2-E6EC88CAEACD}.Release|x64.ActiveCfg = Release|x64
		{DA6C8B1C-D169-4408-A5F2-E6EC88CAEACD}.Release|x64.Build.0 = Release|x64
		{DA6C8B1C-D169-4408-A5F2-E6EC88CAEACD}.Release|x86.ActiveCfg = Release|Win32
		{DA6C8B1C-D169-4408-A5F2-E6EC88CAEACD}.Release|x86.Build.0 = Release|Win32
		{05AB86FD-7EE9-4B0B-AEAB-CC13AD5468A1}.Debug|x64.ActiveCfg = Debug|x64
		{05AB86FD-7EE9-4B0B-AEAB-CC13AD5468A1}.Debug|x64.Build.0 = Debug|x64
		{05AB86FD-7EE9-4B0B-AEAB-CC13AD5468A1}.Debug|x86.ActiveCfg = Debug|Win32
		{05AB86FD-7EE9-4B0B-AEAB-CC13AD5468A1}.Debug|x86.Build.0 = Debug|Win32
		{05AB86FD-7EE9-4B0B-AEAB-CC13AD5468A1}.Release|x64.ActiveCfg = Release|x64
		{05AB86FD-7EE9-4B0B-AEAB-CC13AD5468A1}.Release|x64.Build.0 = Release|x64
		{05AB86FD-7EE9-4B0B-AEAB-CC13AD5468A1}.Release|x86.ActiveCfg = Release|Win32
		{05AB86FD-7EE9-4B0B-AEAB-CC13AD5468A1}.Release|x86.Build.0 = Release|Win32
		{E8C6400C-346A-485F-B75E-4397CFFE9C33}.Debug|x64.ActiveCfg = Debug|x64
		{E8C6400C-346A-485F-B75E-4397CFFE9C33}.Debug|x64.Build.0 = Debug|x64
		{E8C6400C-346A-485F-B75E-4397CFFE9C33}.Debug|x86.ActiveCfg = Debug|Win32
		{E8C6400C-346A-485F-B75E-4397CFFE9C33}.Debug|x86.Build.0 = Debug|Win32
		{E8C6400C-346A-485F-B75E-4397CFFE9C33}.Release|x64.ActiveCfg = Release|x64
		{E8C6400C-346A-485F-B75E-4397CFFE9C33}.Release|x64.Build.0 = Release|x64
		{E8C6400C-346A-485F-B75E-4397CFFE9C33}.Release|x86.ActiveCfg = Release|Win32
		{E8C6400C-346A-485F-B75E-4397CFFE9C33}.Release|x86.Build.0 = Release|Win32
		{19682F69-3427-4ED2-83E7-136EF51055EC}.Debug|x64.ActiveCfg = Debug|x64
		{19682F69-3427-4ED2-83E7-136EF51055EC}.Debug|x64.Build.0 = Debug|x64
		{19682F69-3427-4ED2-83E7-136EF51055EC}.Debug|x86.ActiveCfg = Debug|Win32
		{19682F69-3427-4ED2-83E7-136EF51055EC}.Debug|x86.Build.0 = Debug|Win32
		{19682F69-3427-4ED2-83E7-136EF51055EC}.Release|x64.ActiveCfg = Release|x64
		{19682F69-3427-4ED2-83E7-136EF51055EC}.Release|x64.Build.0 = Release|x64
		{19682F69-3427-4ED2-83E7-136EF51055EC}.Release|x86.ActiveCfg = Release|Win32
		{19682F69-3427-4ED2-83E7-136EF51055EC}.Release|x86.Build.0 = Release|Win32
		{325C7970-948B-42A5-BCBB-62DB0C06DA19}.Debug|x64.ActiveCfg = Debug|x64
		{325C7970-948B-42A5-BCBB-62DB0C06DA19}.Debug|x64.Build.0 = Debug|x64
		{325C7970-948B-42A5-BCBB-62DB0C06DA19}.Debug|x86.ActiveCfg = Debug|Win32
		{325C7970-948B-42A5-BCBB-62DB0C06DA19}.Debug|x86.Build.0 = Debug|Win32
		{325C7970-948B-42A5-BCBB-62DB0C06DA19}.Release|x64.ActiveCfg = Release|x64
		{325C7970-948B-42A5-BCBB-62DB0C06DA19}.Release|x64.Build.0 = Release|x64
		{325C7970-948B-42A5-BCBB-62DB0C06DA19}.Release|x86.ActiveCfg = Release|Win32
		{325C7970-948B-42A5-BCBB-62DB0C06DA19}.Release|x86.Build.0 = Release|Win32
		{0F9A7734-B1E6-4470-9F9E-45F734D12B80}.Debug|x64.ActiveCfg = Debug|x64
		{0F9A7734-B1E6-4470-9F9E-45F734D12B80}.Debug|x64.Build.0 = Debug|x64
		{0F9A7734-B1E6-4470-9F9E-45F734D12B80}.Debug|x86.ActiveCfg = Debug|Win32
		{0F9A7734-B1E6-4470-9F9E-45F734D12B80}.Debug|x86.Build.0 = Debug|Win32
		{0F9A7734-B1E6-4470-9F9E-45F734D12B80}.Release|x64.ActiveCfg = Release|x64
		{0F9A7734-B1E6-4470-9F9E-45F734D12B80}.Release|x64.Build.0 = Release|x64
		{0F9A7734-B1E6-4470-9F9E-45F734D12B80}.Release|x86.ActiveCfg = Release|Win32
		{0F9A7734-B1E6-4470-9F9E-45F734D12B80}.Release|x86.Build.0 = Release|Win32
	EndGlobalSection
	GlobalSection(SolutionProperties) = preSolution
		HideSolutionNode = FALSE
	EndGlobalSection
	GlobalSection(ExtensibilityGlobals) = postSolution
		SolutionGuid = {27298FC1-819F-41C6-A416-D81C2209A767}
	EndGlobalSection
EndGlobal
