
Microsoft Visual Studio Solution File, Format Version 12.00
# Visual Studio Version 16
VisualStudioVersion = 16.0.29424.173
MinimumVisualStudioVersion = 10.0.40219.1
Project("{8BC9CEB8-8B4A-11D0-8D11-00A0C91BC942}") = "LAB(조합출력)", "LAB(조합출력)\LAB(조합출력).vcxproj", "{58D3F1B6-2354-416B-A612-8FEE25BEDE63}"
EndProject
Project("{8BC9CEB8-8B4A-11D0-8D11-00A0C91BC942}") = "LAB(n승출력연습)", "LAB(n승출력연습)\LAB(n승출력연습).vcxproj", "{9D8A5E03-258C-4EBC-AB89-B3D825EB6DFA}"
EndProject
Project("{8BC9CEB8-8B4A-11D0-8D11-00A0C91BC942}") = "LAB2_2_1", "LAB2_2_1\LAB2_2_1.vcxproj", "{8A232CDC-1237-43C2-A4B3-D35E78FE2474}"
EndProject
Project("{8BC9CEB8-8B4A-11D0-8D11-00A0C91BC942}") = "LAB2_2_2", "LAB2_2_2\LAB2_2_2.vcxproj", "{440CE0DE-116E-4D6F-BBD0-2204F031246F}"
EndProject
Project("{8BC9CEB8-8B4A-11D0-8D11-00A0C91BC942}") = "LAB2_3(함수H의값출력)", "LAB2_3(함수H의값출력)\LAB2_3(함수H의값출력).vcxproj", "{A8DA6F6C-E4AE-4A9B-9437-C0F1C02AC366}"
EndProject
Project("{8BC9CEB8-8B4A-11D0-8D11-00A0C91BC942}") = "LAB2_4_1", "LAB2_4_1\LAB2_4_1.vcxproj", "{2556E440-62D9-4BCE-ABE4-6F45085A3385}"
EndProject
Project("{8BC9CEB8-8B4A-11D0-8D11-00A0C91BC942}") = "LAB2_4_3", "LAB2_4_3\LAB2_4_3.vcxproj", "{7F1E262B-AD80-4900-8983-2171FA2C1511}"
EndProject
Project("{8BC9CEB8-8B4A-11D0-8D11-00A0C91BC942}") = "LAB2_5_1", "LAB2_5_1\LAB2_5_1.vcxproj", "{6B857133-8C7F-4E5B-8132-A1E5506B9935}"
EndProject
Project("{8BC9CEB8-8B4A-11D0-8D11-00A0C91BC942}") = "LAB2_5_2", "LAB2_5_2\LAB2_5_2.vcxproj", "{E8B7D7FB-D699-4054-801E-F08B4A5840C9}"
EndProject
Project("{8BC9CEB8-8B4A-11D0-8D11-00A0C91BC942}") = "LAB2_5_3", "LAB2_5_3\LAB2_5_3.vcxproj", "{7CF65019-2122-4EC3-BAC6-AB2F67AEC9EC}"
EndProject
Global
	GlobalSection(SolutionConfigurationPlatforms) = preSolution
		Debug|x64 = Debug|x64
		Debug|x86 = Debug|x86
		Release|x64 = Release|x64
		Release|x86 = Release|x86
	EndGlobalSection
	GlobalSection(ProjectConfigurationPlatforms) = postSolution
		{58D3F1B6-2354-416B-A612-8FEE25BEDE63}.Debug|x64.ActiveCfg = Debug|x64
		{58D3F1B6-2354-416B-A612-8FEE25BEDE63}.Debug|x64.Build.0 = Debug|x64
		{58D3F1B6-2354-416B-A612-8FEE25BEDE63}.Debug|x86.ActiveCfg = Debug|Win32
		{58D3F1B6-2354-416B-A612-8FEE25BEDE63}.Debug|x86.Build.0 = Debug|Win32
		{58D3F1B6-2354-416B-A612-8FEE25BEDE63}.Release|x64.ActiveCfg = Release|x64
		{58D3F1B6-2354-416B-A612-8FEE25BEDE63}.Release|x64.Build.0 = Release|x64
		{58D3F1B6-2354-416B-A612-8FEE25BEDE63}.Release|x86.ActiveCfg = Release|Win32
		{58D3F1B6-2354-416B-A612-8FEE25BEDE63}.Release|x86.Build.0 = Release|Win32
		{9D8A5E03-258C-4EBC-AB89-B3D825EB6DFA}.Debug|x64.ActiveCfg = Debug|x64
		{9D8A5E03-258C-4EBC-AB89-B3D825EB6DFA}.Debug|x64.Build.0 = Debug|x64
		{9D8A5E03-258C-4EBC-AB89-B3D825EB6DFA}.Debug|x86.ActiveCfg = Debug|Win32
		{9D8A5E03-258C-4EBC-AB89-B3D825EB6DFA}.Debug|x86.Build.0 = Debug|Win32
		{9D8A5E03-258C-4EBC-AB89-B3D825EB6DFA}.Release|x64.ActiveCfg = Release|x64
		{9D8A5E03-258C-4EBC-AB89-B3D825EB6DFA}.Release|x64.Build.0 = Release|x64
		{9D8A5E03-258C-4EBC-AB89-B3D825EB6DFA}.Release|x86.ActiveCfg = Release|Win32
		{9D8A5E03-258C-4EBC-AB89-B3D825EB6DFA}.Release|x86.Build.0 = Release|Win32
		{8A232CDC-1237-43C2-A4B3-D35E78FE2474}.Debug|x64.ActiveCfg = Debug|x64
		{8A232CDC-1237-43C2-A4B3-D35E78FE2474}.Debug|x64.Build.0 = Debug|x64
		{8A232CDC-1237-43C2-A4B3-D35E78FE2474}.Debug|x86.ActiveCfg = Debug|Win32
		{8A232CDC-1237-43C2-A4B3-D35E78FE2474}.Debug|x86.Build.0 = Debug|Win32
		{8A232CDC-1237-43C2-A4B3-D35E78FE2474}.Release|x64.ActiveCfg = Release|x64
		{8A232CDC-1237-43C2-A4B3-D35E78FE2474}.Release|x64.Build.0 = Release|x64
		{8A232CDC-1237-43C2-A4B3-D35E78FE2474}.Release|x86.ActiveCfg = Release|Win32
		{8A232CDC-1237-43C2-A4B3-D35E78FE2474}.Release|x86.Build.0 = Release|Win32
		{440CE0DE-116E-4D6F-BBD0-2204F031246F}.Debug|x64.ActiveCfg = Debug|x64
		{440CE0DE-116E-4D6F-BBD0-2204F031246F}.Debug|x64.Build.0 = Debug|x64
		{440CE0DE-116E-4D6F-BBD0-2204F031246F}.Debug|x86.ActiveCfg = Debug|Win32
		{440CE0DE-116E-4D6F-BBD0-2204F031246F}.Debug|x86.Build.0 = Debug|Win32
		{440CE0DE-116E-4D6F-BBD0-2204F031246F}.Release|x64.ActiveCfg = Release|x64
		{440CE0DE-116E-4D6F-BBD0-2204F031246F}.Release|x64.Build.0 = Release|x64
		{440CE0DE-116E-4D6F-BBD0-2204F031246F}.Release|x86.ActiveCfg = Release|Win32
		{440CE0DE-116E-4D6F-BBD0-2204F031246F}.Release|x86.Build.0 = Release|Win32
		{A8DA6F6C-E4AE-4A9B-9437-C0F1C02AC366}.Debug|x64.ActiveCfg = Debug|x64
		{A8DA6F6C-E4AE-4A9B-9437-C0F1C02AC366}.Debug|x64.Build.0 = Debug|x64
		{A8DA6F6C-E4AE-4A9B-9437-C0F1C02AC366}.Debug|x86.ActiveCfg = Debug|Win32
		{A8DA6F6C-E4AE-4A9B-9437-C0F1C02AC366}.Debug|x86.Build.0 = Debug|Win32
		{A8DA6F6C-E4AE-4A9B-9437-C0F1C02AC366}.Release|x64.ActiveCfg = Release|x64
		{A8DA6F6C-E4AE-4A9B-9437-C0F1C02AC366}.Release|x64.Build.0 = Release|x64
		{A8DA6F6C-E4AE-4A9B-9437-C0F1C02AC366}.Release|x86.ActiveCfg = Release|Win32
		{A8DA6F6C-E4AE-4A9B-9437-C0F1C02AC366}.Release|x86.Build.0 = Release|Win32
		{2556E440-62D9-4BCE-ABE4-6F45085A3385}.Debug|x64.ActiveCfg = Debug|x64
		{2556E440-62D9-4BCE-ABE4-6F45085A3385}.Debug|x64.Build.0 = Debug|x64
		{2556E440-62D9-4BCE-ABE4-6F45085A3385}.Debug|x86.ActiveCfg = Debug|Win32
		{2556E440-62D9-4BCE-ABE4-6F45085A3385}.Debug|x86.Build.0 = Debug|Win32
		{2556E440-62D9-4BCE-ABE4-6F45085A3385}.Release|x64.ActiveCfg = Release|x64
		{2556E440-62D9-4BCE-ABE4-6F45085A3385}.Release|x64.Build.0 = Release|x64
		{2556E440-62D9-4BCE-ABE4-6F45085A3385}.Release|x86.ActiveCfg = Release|Win32
		{2556E440-62D9-4BCE-ABE4-6F45085A3385}.Release|x86.Build.0 = Release|Win32
		{7F1E262B-AD80-4900-8983-2171FA2C1511}.Debug|x64.ActiveCfg = Debug|x64
		{7F1E262B-AD80-4900-8983-2171FA2C1511}.Debug|x64.Build.0 = Debug|x64
		{7F1E262B-AD80-4900-8983-2171FA2C1511}.Debug|x86.ActiveCfg = Debug|Win32
		{7F1E262B-AD80-4900-8983-2171FA2C1511}.Debug|x86.Build.0 = Debug|Win32
		{7F1E262B-AD80-4900-8983-2171FA2C1511}.Release|x64.ActiveCfg = Release|x64
		{7F1E262B-AD80-4900-8983-2171FA2C1511}.Release|x64.Build.0 = Release|x64
		{7F1E262B-AD80-4900-8983-2171FA2C1511}.Release|x86.ActiveCfg = Release|Win32
		{7F1E262B-AD80-4900-8983-2171FA2C1511}.Release|x86.Build.0 = Release|Win32
		{6B857133-8C7F-4E5B-8132-A1E5506B9935}.Debug|x64.ActiveCfg = Debug|x64
		{6B857133-8C7F-4E5B-8132-A1E5506B9935}.Debug|x64.Build.0 = Debug|x64
		{6B857133-8C7F-4E5B-8132-A1E5506B9935}.Debug|x86.ActiveCfg = Debug|Win32
		{6B857133-8C7F-4E5B-8132-A1E5506B9935}.Debug|x86.Build.0 = Debug|Win32
		{6B857133-8C7F-4E5B-8132-A1E5506B9935}.Release|x64.ActiveCfg = Release|x64
		{6B857133-8C7F-4E5B-8132-A1E5506B9935}.Release|x64.Build.0 = Release|x64
		{6B857133-8C7F-4E5B-8132-A1E5506B9935}.Release|x86.ActiveCfg = Release|Win32
		{6B857133-8C7F-4E5B-8132-A1E5506B9935}.Release|x86.Build.0 = Release|Win32
		{E8B7D7FB-D699-4054-801E-F08B4A5840C9}.Debug|x64.ActiveCfg = Debug|x64
		{E8B7D7FB-D699-4054-801E-F08B4A5840C9}.Debug|x64.Build.0 = Debug|x64
		{E8B7D7FB-D699-4054-801E-F08B4A5840C9}.Debug|x86.ActiveCfg = Debug|Win32
		{E8B7D7FB-D699-4054-801E-F08B4A5840C9}.Debug|x86.Build.0 = Debug|Win32
		{E8B7D7FB-D699-4054-801E-F08B4A5840C9}.Release|x64.ActiveCfg = Release|x64
		{E8B7D7FB-D699-4054-801E-F08B4A5840C9}.Release|x64.Build.0 = Release|x64
		{E8B7D7FB-D699-4054-801E-F08B4A5840C9}.Release|x86.ActiveCfg = Release|Win32
		{E8B7D7FB-D699-4054-801E-F08B4A5840C9}.Release|x86.Build.0 = Release|Win32
		{7CF65019-2122-4EC3-BAC6-AB2F67AEC9EC}.Debug|x64.ActiveCfg = Debug|x64
		{7CF65019-2122-4EC3-BAC6-AB2F67AEC9EC}.Debug|x64.Build.0 = Debug|x64
		{7CF65019-2122-4EC3-BAC6-AB2F67AEC9EC}.Debug|x86.ActiveCfg = Debug|Win32
		{7CF65019-2122-4EC3-BAC6-AB2F67AEC9EC}.Debug|x86.Build.0 = Debug|Win32
		{7CF65019-2122-4EC3-BAC6-AB2F67AEC9EC}.Release|x64.ActiveCfg = Release|x64
		{7CF65019-2122-4EC3-BAC6-AB2F67AEC9EC}.Release|x64.Build.0 = Release|x64
		{7CF65019-2122-4EC3-BAC6-AB2F67AEC9EC}.Release|x86.ActiveCfg = Release|Win32
		{7CF65019-2122-4EC3-BAC6-AB2F67AEC9EC}.Release|x86.Build.0 = Release|Win32
	EndGlobalSection
	GlobalSection(SolutionProperties) = preSolution
		HideSolutionNode = FALSE
	EndGlobalSection
	GlobalSection(ExtensibilityGlobals) = postSolution
		SolutionGuid = {4F285A28-9130-4D05-999A-E37D401CE14C}
	EndGlobalSection
EndGlobal
